
Microsoft Visual Studio Solution File, Format Version 12.00
# Visual Studio 15
VisualStudioVersion = 15.0.28307.1022
MinimumVisualStudioVersion = 10.0.40219.1
Project("{9A19103F-16F7-4668-BE54-9A1E7A4F7556}") = "Project1", "homework4\Project1.csproj", "{84ADE3A9-A9D1-45C1-B8D2-C72CC08FF1D2}"
EndProject
Project("{FAE04EC0-301F-11D3-BF4B-00C04F79EFBC}") = "Project2", "Project2\Project2.csproj", "{F63C9502-0BC8-4BD7-9E4C-D66F77EE6E55}"
EndProject
Global
	GlobalSection(SolutionConfigurationPlatforms) = preSolution
		Debug|Any CPU = Debug|Any CPU
		Release|Any CPU = Release|Any CPU
	EndGlobalSection
	GlobalSection(ProjectConfigurationPlatforms) = postSolution
		{84ADE3A9-A9D1-45C1-B8D2-C72CC08FF1D2}.Debug|Any CPU.ActiveCfg = Debug|Any CPU
		{84ADE3A9-A9D1-45C1-B8D2-C72CC08FF1D2}.Debug|Any CPU.Build.0 = Debug|Any CPU
		{84ADE3A9-A9D1-45C1-B8D2-C72CC08FF1D2}.Release|Any CPU.ActiveCfg = Release|Any CPU
		{84ADE3A9-A9D1-45C1-B8D2-C72CC08FF1D2}.Release|Any CPU.Build.0 = Release|Any CPU
		{F63C9502-0BC8-4BD7-9E4C-D66F77EE6E55}.Debug|Any CPU.ActiveCfg = Debug|Any CPU
		{F63C9502-0BC8-4BD7-9E4C-D66F77EE6E55}.Debug|Any CPU.Build.0 = Debug|Any CPU
		{F63C9502-0BC8-4BD7-9E4C-D66F77EE6E55}.Release|Any CPU.ActiveCfg = Release|Any CPU
		{F63C9502-0BC8-4BD7-9E4C-D66F77EE6E55}.Release|Any CPU.Build.0 = Release|Any CPU
	EndGlobalSection
	GlobalSection(SolutionProperties) = preSolution
		HideSolutionNode = FALSE
	EndGlobalSection
	GlobalSection(ExtensibilityGlobals) = postSolution
		SolutionGuid = {6D0348A9-FF3E-4FD5-8523-57B048DAD2D0}
	EndGlobalSection
EndGlobal
